
Microsoft Visual Studio Solution File, Format Version 12.00
# Visual Studio 15
Project("{FAE04EC0-301F-11D3-BF4B-00C04F79EFBC}") = "Unity.Timeline", "Unity.Timeline.csproj", "{74B3E918-5547-BF80-CD83-85C3AC7E0B6D}"
EndProject
Project("{FAE04EC0-301F-11D3-BF4B-00C04F79EFBC}") = "Unity.RenderPipelines.GPUDriven.Runtime", "Unity.RenderPipelines.GPUDriven.Runtime.csproj", "{5A00AED6-2EC3-12E1-19DE-24DE808ACED2}"
EndProject
Project("{FAE04EC0-301F-11D3-BF4B-00C04F79EFBC}") = "Unity.PlasticSCM.Editor", "Unity.PlasticSCM.Editor.csproj", "{99016C78-C2FD-DDD9-86CE-EF6A030E7641}"
EndProject
Project("{FAE04EC0-301F-11D3-BF4B-00C04F79EFBC}") = "Unity.ShaderGraph.Editor", "Unity.ShaderGraph.Editor.csproj", "{18D28063-C413-E876-DA89-F1D27CE20733}"
EndProject
Project("{FAE04EC0-301F-11D3-BF4B-00C04F79EFBC}") = "Unity.RenderPipelines.Core.Runtime", "Unity.RenderPipelines.Core.Runtime.csproj", "{9FF5377E-41F5-651D-51A6-D6A365A8ED2F}"
EndProject
Project("{FAE04EC0-301F-11D3-BF4B-00C04F79EFBC}") = "Unity.Mathematics", "Unity.Mathematics.csproj", "{399937D8-92F2-75E2-9F8B-6CB803D52B3A}"
EndProject
Project("{FAE04EC0-301F-11D3-BF4B-00C04F79EFBC}") = "Unity.Timeline.Editor", "Unity.Timeline.Editor.csproj", "{23AD8792-A98E-1288-2F62-8DB8C52BE9B7}"
EndProject
Project("{FAE04EC0-301F-11D3-BF4B-00C04F79EFBC}") = "Unity.Multiplayer.Center.Editor", "Unity.Multiplayer.Center.Editor.csproj", "{1CCD83B0-6964-0016-6175-19DF5FCDE2E2}"
EndProject
Project("{FAE04EC0-301F-11D3-BF4B-00C04F79EFBC}") = "Unity.RenderPipelines.Core.Editor", "Unity.RenderPipelines.Core.Editor.csproj", "{D924CA67-8131-0253-6F0C-A31F1C15F3CB}"
EndProject
Project("{FAE04EC0-301F-11D3-BF4B-00C04F79EFBC}") = "Unity.Collections", "Unity.Collections.csproj", "{037E3C4B-9A6F-2A19-799D-2A50F7EC9913}"
EndProject
Project("{FAE04EC0-301F-11D3-BF4B-00C04F79EFBC}") = "UnityEngine.UI", "UnityEngine.UI.csproj", "{6CD82EFB-575D-6741-7F18-14F6F589A9C6}"
EndProject
Project("{FAE04EC0-301F-11D3-BF4B-00C04F79EFBC}") = "Unity.RenderPipelines.Universal.2D.Runtime", "Unity.RenderPipelines.Universal.2D.Runtime.csproj", "{1BE2FD30-1A3B-8F13-CAA7-28EC5F51D53E}"
EndProject
Project("{FAE04EC0-301F-11D3-BF4B-00C04F79EFBC}") = "Unity.VisualScripting.Core.Editor", "Unity.VisualScripting.Core.Editor.csproj", "{441CCCB4-D2F1-AFE7-D545-1CBCF22167C1}"
EndProject
Project("{FAE04EC0-301F-11D3-BF4B-00C04F79EFBC}") = "Unity.RenderPipelines.Universal.Editor", "Unity.RenderPipelines.Universal.Editor.csproj", "{9D8ADFBF-5BF6-8451-02E0-A98DCFAD2164}"
EndProject
Project("{FAE04EC0-301F-11D3-BF4B-00C04F79EFBC}") = "Unity.PerformanceTesting.Editor", "Unity.PerformanceTesting.Editor.csproj", "{0AF63367-46D3-1CB6-4FE0-AD80ABC7C48E}"
EndProject
Project("{FAE04EC0-301F-11D3-BF4B-00C04F79EFBC}") = "UnityEngine.TestRunner", "UnityEngine.TestRunner.csproj", "{57FB1136-1CF8-3100-FFF9-155CA9ABEA49}"
EndProject
Project("{FAE04EC0-301F-11D3-BF4B-00C04F79EFBC}") = "Unity.Burst", "Unity.Burst.csproj", "{3D66B5A8-6E7B-A649-8F02-BEF670C39C3D}"
EndProject
Project("{FAE04EC0-301F-11D3-BF4B-00C04F79EFBC}") = "Unity.VisualScripting.Flow.Editor", "Unity.VisualScripting.Flow.Editor.csproj", "{705D7CD6-F36F-AD16-2786-5DFC22E1905D}"
EndProject
Project("{FAE04EC0-301F-11D3-BF4B-00C04F79EFBC}") = "Unity.VisualStudio.Editor", "Unity.VisualStudio.Editor.csproj", "{C5FB9A1A-BFD1-B272-E000-5E9553E471EA}"
EndProject
Project("{FAE04EC0-301F-11D3-BF4B-00C04F79EFBC}") = "Unity.InputSystem", "Unity.InputSystem.csproj", "{C1E89264-F173-D003-224F-A579587B8B27}"
EndProject
Project("{FAE04EC0-301F-11D3-BF4B-00C04F79EFBC}") = "PPv2URPConverters", "PPv2URPConverters.csproj", "{F45BF0B2-94E3-E9A1-624A-1D9E97BB5E5F}"
EndProject
Project("{FAE04EC0-301F-11D3-BF4B-00C04F79EFBC}") = "Unity.Searcher.Editor", "Unity.Searcher.Editor.csproj", "{F7E2BA41-073F-A3AE-C4A7-F0300B1C5246}"
EndProject
Project("{FAE04EC0-301F-11D3-BF4B-00C04F79EFBC}") = "UnityEditor.TestRunner", "UnityEditor.TestRunner.csproj", "{E4D0890F-7D18-8CEF-C13D-9A436952AA3B}"
EndProject
Project("{FAE04EC0-301F-11D3-BF4B-00C04F79EFBC}") = "Unity.VisualScripting.Core", "Unity.VisualScripting.Core.csproj", "{1F6CE8AE-6522-C5DB-E76B-72DD37D1CF81}"
EndProject
Project("{FAE04EC0-301F-11D3-BF4B-00C04F79EFBC}") = "Unity.RenderPipelines.Universal.Runtime", "Unity.RenderPipelines.Universal.Runtime.csproj", "{67ADF902-C647-7EE5-D4A3-9E5A5042A45E}"
EndProject
Project("{FAE04EC0-301F-11D3-BF4B-00C04F79EFBC}") = "Unity.CollabProxy.Editor", "Unity.CollabProxy.Editor.csproj", "{A8D68D2F-D603-5E8F-699E-784D460AC028}"
EndProject
Project("{FAE04EC0-301F-11D3-BF4B-00C04F79EFBC}") = "Unity.AI.Navigation.Editor.ConversionSystem", "Unity.AI.Navigation.Editor.ConversionSystem.csproj", "{F40FE8DD-84E2-00DF-F9D9-A876BE74AECD}"
EndProject
Project("{FAE04EC0-301F-11D3-BF4B-00C04F79EFBC}") = "Unity.VisualScripting.State.Editor", "Unity.VisualScripting.State.Editor.csproj", "{9A69ECDD-B5DF-3488-F35F-2F8B33C90E09}"
EndProject
Project("{FAE04EC0-301F-11D3-BF4B-00C04F79EFBC}") = "Unity.Burst.CodeGen", "Unity.Burst.CodeGen.csproj", "{951B1A00-E41A-4CC1-B270-6B78BC3BC760}"
EndProject
Project("{FAE04EC0-301F-11D3-BF4B-00C04F79EFBC}") = "Unity.VisualScripting.Flow", "Unity.VisualScripting.Flow.csproj", "{11889E80-FA12-D951-3A0A-50A0B9F8123D}"
EndProject
Project("{FAE04EC0-301F-11D3-BF4B-00C04F79EFBC}") = "Unity.PerformanceTesting", "Unity.PerformanceTesting.csproj", "{4A0E966B-A6BA-C550-5E0A-63113F6F61F4}"
EndProject
Project("{FAE04EC0-301F-11D3-BF4B-00C04F79EFBC}") = "Unity.TextMeshPro", "Unity.TextMeshPro.csproj", "{8C739CAF-E0DC-178B-7AD0-9C7422C5DC0C}"
EndProject
Project("{FAE04EC0-301F-11D3-BF4B-00C04F79EFBC}") = "Unity.TextMeshPro.Editor", "Unity.TextMeshPro.Editor.csproj", "{A21EB560-5303-0243-4976-AFD666CA3390}"
EndProject
Project("{FAE04EC0-301F-11D3-BF4B-00C04F79EFBC}") = "Unity.Rendering.LightTransport.Runtime", "Unity.Rendering.LightTransport.Runtime.csproj", "{F5E312B2-71B5-0326-1E3C-48ED448E927B}"
EndProject
Project("{FAE04EC0-301F-11D3-BF4B-00C04F79EFBC}") = "Unity.Burst.Editor", "Unity.Burst.Editor.csproj", "{05933255-9F08-56FF-A899-F2990854BFA0}"
EndProject
Project("{FAE04EC0-301F-11D3-BF4B-00C04F79EFBC}") = "Unity.Rider.Editor", "Unity.Rider.Editor.csproj", "{7B092831-28DE-745D-074C-007DEE8CC479}"
EndProject
Project("{FAE04EC0-301F-11D3-BF4B-00C04F79EFBC}") = "Unity.VisualScripting.State", "Unity.VisualScripting.State.csproj", "{B63F53EB-61E8-5633-959A-A962967FF4E6}"
EndProject
Project("{FAE04EC0-301F-11D3-BF4B-00C04F79EFBC}") = "Unity.AI.Navigation.Updater", "Unity.AI.Navigation.Updater.csproj", "{10531060-6D46-7A13-617E-E24ECA9E2882}"
EndProject
Project("{FAE04EC0-301F-11D3-BF4B-00C04F79EFBC}") = "UnityEditor.UI", "UnityEditor.UI.csproj", "{EF7896C3-6648-BFE3-E13E-00F6D4E4B87B}"
EndProject
Project("{FAE04EC0-301F-11D3-BF4B-00C04F79EFBC}") = "Unity.AI.Navigation.Editor", "Unity.AI.Navigation.Editor.csproj", "{3509EEE9-7146-9E3B-9354-3B132866D958}"
EndProject
Project("{FAE04EC0-301F-11D3-BF4B-00C04F79EFBC}") = "Unity.Multiplayer.Center.Common", "Unity.Multiplayer.Center.Common.csproj", "{B4206D94-4B2C-1FFE-9C55-14ABD6371037}"
EndProject
Project("{FAE04EC0-301F-11D3-BF4B-00C04F79EFBC}") = "Unity.InputSystem.ForUI", "Unity.InputSystem.ForUI.csproj", "{FBE2CBC9-EC0F-9876-C6B5-6F587B8A648D}"
EndProject
Project("{FAE04EC0-301F-11D3-BF4B-00C04F79EFBC}") = "Unity.AI.Navigation", "Unity.AI.Navigation.csproj", "{88F6A31A-943D-BD03-1E87-E977432F09F3}"
EndProject
Project("{FAE04EC0-301F-11D3-BF4B-00C04F79EFBC}") = "Unity.Collections.CodeGen", "Unity.Collections.CodeGen.csproj", "{6AF7D71D-1DEB-5FC3-17D1-126BA26DC8D2}"
EndProject
Project("{FAE04EC0-301F-11D3-BF4B-00C04F79EFBC}") = "Unity.Mathematics.Editor", "Unity.Mathematics.Editor.csproj", "{EB5DF8C1-A4C7-7454-841E-2058E05A3392}"
EndProject
Project("{FAE04EC0-301F-11D3-BF4B-00C04F79EFBC}") = "Unity.VisualScripting.SettingsProvider.Editor", "Unity.VisualScripting.SettingsProvider.Editor.csproj", "{20482F66-3549-F40D-52E8-A9F8717F2AD4}"
EndProject
Project("{FAE04EC0-301F-11D3-BF4B-00C04F79EFBC}") = "Assembly-CSharp-Editor", "Assembly-CSharp-Editor.csproj", "{6010F8E9-B0B1-DC98-1887-ECD62D843531}"
EndProject
Project("{FAE04EC0-301F-11D3-BF4B-00C04F79EFBC}") = "Unity.InputSystem.TestFramework", "Unity.InputSystem.TestFramework.csproj", "{99F51AF5-47B4-D34A-B6BA-25CFF6601D90}"
EndProject
Project("{FAE04EC0-301F-11D3-BF4B-00C04F79EFBC}") = "Unity.ShaderGraph.Utilities", "Unity.ShaderGraph.Utilities.csproj", "{4641EEAE-01DA-EED4-5E8D-D47712053C2E}"
EndProject
Project("{FAE04EC0-301F-11D3-BF4B-00C04F79EFBC}") = "Unity.VisualScripting.Shared.Editor", "Unity.VisualScripting.Shared.Editor.csproj", "{3A8A3457-71C7-DB81-2BC6-36FE8E0EB821}"
EndProject
Project("{FAE04EC0-301F-11D3-BF4B-00C04F79EFBC}") = "Assembly-CSharp", "Assembly-CSharp.csproj", "{6DE0F147-D6FA-01BB-2C24-BDFB5C19AC45}"
EndProject
Project("{FAE04EC0-301F-11D3-BF4B-00C04F79EFBC}") = "Unity.RenderPipeline.Universal.ShaderLibrary", "Unity.RenderPipeline.Universal.ShaderLibrary.csproj", "{AAAC99F8-5196-A2DD-941B-66CFD1528BE9}"
EndProject
Project("{FAE04EC0-301F-11D3-BF4B-00C04F79EFBC}") = "Unity.Rendering.LightTransport.Editor", "Unity.Rendering.LightTransport.Editor.csproj", "{99A92C2E-B89E-1E98-EB28-2591256DC34B}"
EndProject
Project("{FAE04EC0-301F-11D3-BF4B-00C04F79EFBC}") = "Unity.RenderPipelines.Universal.Shaders", "Unity.RenderPipelines.Universal.Shaders.csproj", "{21C99315-6E47-33CE-2A7E-238091F7C4C5}"
EndProject
Project("{FAE04EC0-301F-11D3-BF4B-00C04F79EFBC}") = "Unity.RenderPipelines.Core.Runtime.Shared", "Unity.RenderPipelines.Core.Runtime.Shared.csproj", "{7639D9B1-4C95-D9B0-F74D-6DEFC1DBEDCE}"
EndProject
Project("{FAE04EC0-301F-11D3-BF4B-00C04F79EFBC}") = "Unity.Collections.Editor", "Unity.Collections.Editor.csproj", "{1482E503-FEFC-1A4D-952F-7353E0F80644}"
EndProject
Project("{FAE04EC0-301F-11D3-BF4B-00C04F79EFBC}") = "Unity.RenderPipelines.Universal.Config.Runtime", "Unity.RenderPipelines.Universal.Config.Runtime.csproj", "{4CF4F1FE-1F88-B05E-BC0C-627CA48406C1}"
EndProject
Project("{FAE04EC0-301F-11D3-BF4B-00C04F79EFBC}") = "Unity.RenderPipelines.ShaderGraph.ShaderGraphLibrary", "Unity.RenderPipelines.ShaderGraph.ShaderGraphLibrary.csproj", "{9363C0CB-C892-C9B7-AD41-E1D4299CADA2}"
EndProject
Project("{FAE04EC0-301F-11D3-BF4B-00C04F79EFBC}") = "Unity.RenderPipelines.Core.ShaderLibrary", "Unity.RenderPipelines.Core.ShaderLibrary.csproj", "{B9F4A66B-CC45-6777-15D6-81DB846E731A}"
EndProject
Project("{FAE04EC0-301F-11D3-BF4B-00C04F79EFBC}") = "Unity.RenderPipelines.Core.Editor.Shared", "Unity.RenderPipelines.Core.Editor.Shared.csproj", "{25203D19-85DA-471B-BDC5-E0793F8E53C4}"
EndProject
Project("{FAE04EC0-301F-11D3-BF4B-00C04F79EFBC}") = "Unity.Timeline", "Unity.Timeline.Player.csproj", "{F7E7358D-0B22-DD54-B456-2CA97E28ADE8}"
EndProject
Project("{FAE04EC0-301F-11D3-BF4B-00C04F79EFBC}") = "Unity.RenderPipelines.GPUDriven.Runtime", "Unity.RenderPipelines.GPUDriven.Runtime.Player.csproj", "{7286FCCB-D734-9A20-4A26-8846ED4DDBBB}"
EndProject
Project("{FAE04EC0-301F-11D3-BF4B-00C04F79EFBC}") = "Unity.RenderPipelines.Core.Runtime", "Unity.RenderPipelines.Core.Runtime.Player.csproj", "{3E67E5F3-E1BE-E993-D96F-4CE35FC90F55}"
EndProject
Project("{FAE04EC0-301F-11D3-BF4B-00C04F79EFBC}") = "Unity.Mathematics", "Unity.Mathematics.Player.csproj", "{B9949A49-EBE1-EA55-EA75-99A820BAAA5D}"
EndProject
Project("{FAE04EC0-301F-11D3-BF4B-00C04F79EFBC}") = "Unity.Collections", "Unity.Collections.Player.csproj", "{9B5E8957-FB0F-7C42-CDC8-CFE8D3081669}"
EndProject
Project("{FAE04EC0-301F-11D3-BF4B-00C04F79EFBC}") = "UnityEngine.UI", "UnityEngine.UI.Player.csproj", "{E5C54AD9-5D5C-E55F-D5F4-A6E36B9484E8}"
EndProject
Project("{FAE04EC0-301F-11D3-BF4B-00C04F79EFBC}") = "Unity.RenderPipelines.Universal.2D.Runtime", "Unity.RenderPipelines.Universal.2D.Runtime.Player.csproj", "{44A9F462-99B5-E567-11B8-4F11A9A97B50}"
EndProject
Project("{FAE04EC0-301F-11D3-BF4B-00C04F79EFBC}") = "UnityEngine.TestRunner", "UnityEngine.TestRunner.Player.csproj", "{F529BA05-771B-A6D6-360B-9CF72568AE8E}"
EndProject
Project("{FAE04EC0-301F-11D3-BF4B-00C04F79EFBC}") = "Unity.Burst", "Unity.Burst.Player.csproj", "{B2EB851F-DC6D-3B2C-6917-FBF8B4F5CB17}"
EndProject
Project("{FAE04EC0-301F-11D3-BF4B-00C04F79EFBC}") = "Unity.InputSystem", "Unity.InputSystem.Player.csproj", "{9E426367-EFE5-29E9-E085-3D95E5347E60}"
EndProject
Project("{FAE04EC0-301F-11D3-BF4B-00C04F79EFBC}") = "Unity.VisualScripting.Core", "Unity.VisualScripting.Core.Player.csproj", "{3C4E7099-0EB8-943B-4B2E-F7F0DAD7241D}"
EndProject
Project("{FAE04EC0-301F-11D3-BF4B-00C04F79EFBC}") = "Unity.RenderPipelines.Universal.Runtime", "Unity.RenderPipelines.Universal.Runtime.Player.csproj", "{49C4BECC-322F-CA7C-10A9-DFD336C3A11A}"
EndProject
Project("{FAE04EC0-301F-11D3-BF4B-00C04F79EFBC}") = "Unity.VisualScripting.Flow", "Unity.VisualScripting.Flow.Player.csproj", "{6DE8F5A1-7637-DCF2-B203-D4817B59A92C}"
EndProject
Project("{FAE04EC0-301F-11D3-BF4B-00C04F79EFBC}") = "Unity.PerformanceTesting", "Unity.PerformanceTesting.Player.csproj", "{0F7A41A7-D3D8-BD7C-BFF1-51E3EB169E8A}"
EndProject
Project("{FAE04EC0-301F-11D3-BF4B-00C04F79EFBC}") = "Unity.TextMeshPro", "Unity.TextMeshPro.Player.csproj", "{EF84DA5D-6CA5-24CD-CE2C-9A9A79948B0A}"
EndProject
Project("{FAE04EC0-301F-11D3-BF4B-00C04F79EFBC}") = "Unity.Rendering.LightTransport.Runtime", "Unity.Rendering.LightTransport.Runtime.Player.csproj", "{ED51FA88-234E-C718-C771-CE71586F3E1C}"
EndProject
Project("{FAE04EC0-301F-11D3-BF4B-00C04F79EFBC}") = "Unity.VisualScripting.State", "Unity.VisualScripting.State.Player.csproj", "{848881F5-7DD9-CF81-BB58-EA54DBE0CEBC}"
EndProject
Project("{FAE04EC0-301F-11D3-BF4B-00C04F79EFBC}") = "Unity.Multiplayer.Center.Common", "Unity.Multiplayer.Center.Common.Player.csproj", "{D620D7DB-AE51-17D0-B912-E17D9EDE78E7}"
EndProject
Project("{FAE04EC0-301F-11D3-BF4B-00C04F79EFBC}") = "Unity.InputSystem.ForUI", "Unity.InputSystem.ForUI.Player.csproj", "{EE617EEE-0054-1061-1513-26BFA9579003}"
EndProject
Project("{FAE04EC0-301F-11D3-BF4B-00C04F79EFBC}") = "Unity.AI.Navigation", "Unity.AI.Navigation.Player.csproj", "{08F464FF-5203-2520-ABDD-72E14AC38EFF}"
EndProject
Project("{FAE04EC0-301F-11D3-BF4B-00C04F79EFBC}") = "Unity.InputSystem.TestFramework", "Unity.InputSystem.TestFramework.Player.csproj", "{20F2B5BC-539A-7D05-A99F-0D276EFA6CB2}"
EndProject
Project("{FAE04EC0-301F-11D3-BF4B-00C04F79EFBC}") = "Assembly-CSharp", "Assembly-CSharp.Player.csproj", "{B791C18D-F113-A32B-6843-70153307D28C}"
EndProject
Project("{FAE04EC0-301F-11D3-BF4B-00C04F79EFBC}") = "Unity.RenderPipeline.Universal.ShaderLibrary", "Unity.RenderPipeline.Universal.ShaderLibrary.Player.csproj", "{8F5C5134-B174-B31B-5BED-AED4FBF67E29}"
EndProject
Project("{FAE04EC0-301F-11D3-BF4B-00C04F79EFBC}") = "Unity.RenderPipelines.Universal.Shaders", "Unity.RenderPipelines.Universal.Shaders.Player.csproj", "{5CC68EDF-4E95-760C-F4EB-128E28D26455}"
EndProject
Project("{FAE04EC0-301F-11D3-BF4B-00C04F79EFBC}") = "Unity.RenderPipelines.Core.Runtime.Shared", "Unity.RenderPipelines.Core.Runtime.Shared.Player.csproj", "{9F6737B7-E9C6-F37C-BE0A-1363786B07A8}"
EndProject
Project("{FAE04EC0-301F-11D3-BF4B-00C04F79EFBC}") = "Unity.RenderPipelines.Universal.Config.Runtime", "Unity.RenderPipelines.Universal.Config.Runtime.Player.csproj", "{E7DCCBB7-7B6C-655F-7505-8130FA8FF865}"
EndProject
Project("{FAE04EC0-301F-11D3-BF4B-00C04F79EFBC}") = "Unity.RenderPipelines.ShaderGraph.ShaderGraphLibrary", "Unity.RenderPipelines.ShaderGraph.ShaderGraphLibrary.Player.csproj", "{B2B40A49-BC04-DBD4-5256-2DE19F957D7C}"
EndProject
Project("{FAE04EC0-301F-11D3-BF4B-00C04F79EFBC}") = "Unity.RenderPipelines.Core.ShaderLibrary", "Unity.RenderPipelines.Core.ShaderLibrary.Player.csproj", "{7E3B0D80-2C8F-49CD-B63A-B02E39FC7157}"
EndProject
Global
	GlobalSection(SolutionConfigurationPlatforms) = preSolution
		Debug|Any CPU = Debug|Any CPU
		Release|Any CPU = Release|Any CPU
	EndGlobalSection
	GlobalSection(ProjectConfigurationPlatforms) = postSolution
		{74B3E918-5547-BF80-CD83-85C3AC7E0B6D}.Debug|Any CPU.ActiveCfg = Debug|Any CPU
		{74B3E918-5547-BF80-CD83-85C3AC7E0B6D}.Debug|Any CPU.Build.0 = Debug|Any CPU
		{74B3E918-5547-BF80-CD83-85C3AC7E0B6D}.Release|Any CPU.ActiveCfg = Release|Any CPU
		{74B3E918-5547-BF80-CD83-85C3AC7E0B6D}.Release|Any CPU.Build.0 = Release|Any CPU
		{5A00AED6-2EC3-12E1-19DE-24DE808ACED2}.Debug|Any CPU.ActiveCfg = Debug|Any CPU
		{5A00AED6-2EC3-12E1-19DE-24DE808ACED2}.Debug|Any CPU.Build.0 = Debug|Any CPU
		{5A00AED6-2EC3-12E1-19DE-24DE808ACED2}.Release|Any CPU.ActiveCfg = Release|Any CPU
		{5A00AED6-2EC3-12E1-19DE-24DE808ACED2}.Release|Any CPU.Build.0 = Release|Any CPU
		{99016C78-C2FD-DDD9-86CE-EF6A030E7641}.Debug|Any CPU.ActiveCfg = Debug|Any CPU
		{99016C78-C2FD-DDD9-86CE-EF6A030E7641}.Debug|Any CPU.Build.0 = Debug|Any CPU
		{99016C78-C2FD-DDD9-86CE-EF6A030E7641}.Release|Any CPU.ActiveCfg = Release|Any CPU
		{99016C78-C2FD-DDD9-86CE-EF6A030E7641}.Release|Any CPU.Build.0 = Release|Any CPU
		{18D28063-C413-E876-DA89-F1D27CE20733}.Debug|Any CPU.ActiveCfg = Debug|Any CPU
		{18D28063-C413-E876-DA89-F1D27CE20733}.Debug|Any CPU.Build.0 = Debug|Any CPU
		{18D28063-C413-E876-DA89-F1D27CE20733}.Release|Any CPU.ActiveCfg = Release|Any CPU
		{18D28063-C413-E876-DA89-F1D27CE20733}.Release|Any CPU.Build.0 = Release|Any CPU
		{9FF5377E-41F5-651D-51A6-D6A365A8ED2F}.Debug|Any CPU.ActiveCfg = Debug|Any CPU
		{9FF5377E-41F5-651D-51A6-D6A365A8ED2F}.Debug|Any CPU.Build.0 = Debug|Any CPU
		{9FF5377E-41F5-651D-51A6-D6A365A8ED2F}.Release|Any CPU.ActiveCfg = Release|Any CPU
		{9FF5377E-41F5-651D-51A6-D6A365A8ED2F}.Release|Any CPU.Build.0 = Release|Any CPU
		{399937D8-92F2-75E2-9F8B-6CB803D52B3A}.Debug|Any CPU.ActiveCfg = Debug|Any CPU
		{399937D8-92F2-75E2-9F8B-6CB803D52B3A}.Debug|Any CPU.Build.0 = Debug|Any CPU
		{399937D8-92F2-75E2-9F8B-6CB803D52B3A}.Release|Any CPU.ActiveCfg = Release|Any CPU
		{399937D8-92F2-75E2-9F8B-6CB803D52B3A}.Release|Any CPU.Build.0 = Release|Any CPU
		{23AD8792-A98E-1288-2F62-8DB8C52BE9B7}.Debug|Any CPU.ActiveCfg = Debug|Any CPU
		{23AD8792-A98E-1288-2F62-8DB8C52BE9B7}.Debug|Any CPU.Build.0 = Debug|Any CPU
		{23AD8792-A98E-1288-2F62-8DB8C52BE9B7}.Release|Any CPU.ActiveCfg = Release|Any CPU
		{23AD8792-A98E-1288-2F62-8DB8C52BE9B7}.Release|Any CPU.Build.0 = Release|Any CPU
		{1CCD83B0-6964-0016-6175-19DF5FCDE2E2}.Debug|Any CPU.ActiveCfg = Debug|Any CPU
		{1CCD83B0-6964-0016-6175-19DF5FCDE2E2}.Debug|Any CPU.Build.0 = Debug|Any CPU
		{1CCD83B0-6964-0016-6175-19DF5FCDE2E2}.Release|Any CPU.ActiveCfg = Release|Any CPU
		{1CCD83B0-6964-0016-6175-19DF5FCDE2E2}.Release|Any CPU.Build.0 = Release|Any CPU
		{D924CA67-8131-0253-6F0C-A31F1C15F3CB}.Debug|Any CPU.ActiveCfg = Debug|Any CPU
		{D924CA67-8131-0253-6F0C-A31F1C15F3CB}.Debug|Any CPU.Build.0 = Debug|Any CPU
		{D924CA67-8131-0253-6F0C-A31F1C15F3CB}.Release|Any CPU.ActiveCfg = Release|Any CPU
		{D924CA67-8131-0253-6F0C-A31F1C15F3CB}.Release|Any CPU.Build.0 = Release|Any CPU
		{037E3C4B-9A6F-2A19-799D-2A50F7EC9913}.Debug|Any CPU.ActiveCfg = Debug|Any CPU
		{037E3C4B-9A6F-2A19-799D-2A50F7EC9913}.Debug|Any CPU.Build.0 = Debug|Any CPU
		{037E3C4B-9A6F-2A19-799D-2A50F7EC9913}.Release|Any CPU.ActiveCfg = Release|Any CPU
		{037E3C4B-9A6F-2A19-799D-2A50F7EC9913}.Release|Any CPU.Build.0 = Release|Any CPU
		{6CD82EFB-575D-6741-7F18-14F6F589A9C6}.Debug|Any CPU.ActiveCfg = Debug|Any CPU
		{6CD82EFB-575D-6741-7F18-14F6F589A9C6}.Debug|Any CPU.Build.0 = Debug|Any CPU
		{6CD82EFB-575D-6741-7F18-14F6F589A9C6}.Release|Any CPU.ActiveCfg = Release|Any CPU
		{6CD82EFB-575D-6741-7F18-14F6F589A9C6}.Release|Any CPU.Build.0 = Release|Any CPU
		{1BE2FD30-1A3B-8F13-CAA7-28EC5F51D53E}.Debug|Any CPU.ActiveCfg = Debug|Any CPU
		{1BE2FD30-1A3B-8F13-CAA7-28EC5F51D53E}.Debug|Any CPU.Build.0 = Debug|Any CPU
		{1BE2FD30-1A3B-8F13-CAA7-28EC5F51D53E}.Release|Any CPU.ActiveCfg = Release|Any CPU
		{1BE2FD30-1A3B-8F13-CAA7-28EC5F51D53E}.Release|Any CPU.Build.0 = Release|Any CPU
		{441CCCB4-D2F1-AFE7-D545-1CBCF22167C1}.Debug|Any CPU.ActiveCfg = Debug|Any CPU
		{441CCCB4-D2F1-AFE7-D545-1CBCF22167C1}.Debug|Any CPU.Build.0 = Debug|Any CPU
		{441CCCB4-D2F1-AFE7-D545-1CBCF22167C1}.Release|Any CPU.ActiveCfg = Release|Any CPU
		{441CCCB4-D2F1-AFE7-D545-1CBCF22167C1}.Release|Any CPU.Build.0 = Release|Any CPU
		{9D8ADFBF-5BF6-8451-02E0-A98DCFAD2164}.Debug|Any CPU.ActiveCfg = Debug|Any CPU
		{9D8ADFBF-5BF6-8451-02E0-A98DCFAD2164}.Debug|Any CPU.Build.0 = Debug|Any CPU
		{9D8ADFBF-5BF6-8451-02E0-A98DCFAD2164}.Release|Any CPU.ActiveCfg = Release|Any CPU
		{9D8ADFBF-5BF6-8451-02E0-A98DCFAD2164}.Release|Any CPU.Build.0 = Release|Any CPU
		{0AF63367-46D3-1CB6-4FE0-AD80ABC7C48E}.Debug|Any CPU.ActiveCfg = Debug|Any CPU
		{0AF63367-46D3-1CB6-4FE0-AD80ABC7C48E}.Debug|Any CPU.Build.0 = Debug|Any CPU
		{0AF63367-46D3-1CB6-4FE0-AD80ABC7C48E}.Release|Any CPU.ActiveCfg = Release|Any CPU
		{0AF63367-46D3-1CB6-4FE0-AD80ABC7C48E}.Release|Any CPU.Build.0 = Release|Any CPU
		{57FB1136-1CF8-3100-FFF9-155CA9ABEA49}.Debug|Any CPU.ActiveCfg = Debug|Any CPU
		{57FB1136-1CF8-3100-FFF9-155CA9ABEA49}.Debug|Any CPU.Build.0 = Debug|Any CPU
		{57FB1136-1CF8-3100-FFF9-155CA9ABEA49}.Release|Any CPU.ActiveCfg = Release|Any CPU
		{57FB1136-1CF8-3100-FFF9-155CA9ABEA49}.Release|Any CPU.Build.0 = Release|Any CPU
		{3D66B5A8-6E7B-A649-8F02-BEF670C39C3D}.Debug|Any CPU.ActiveCfg = Debug|Any CPU
		{3D66B5A8-6E7B-A649-8F02-BEF670C39C3D}.Debug|Any CPU.Build.0 = Debug|Any CPU
		{3D66B5A8-6E7B-A649-8F02-BEF670C39C3D}.Release|Any CPU.ActiveCfg = Release|Any CPU
		{3D66B5A8-6E7B-A649-8F02-BEF670C39C3D}.Release|Any CPU.Build.0 = Release|Any CPU
		{705D7CD6-F36F-AD16-2786-5DFC22E1905D}.Debug|Any CPU.ActiveCfg = Debug|Any CPU
		{705D7CD6-F36F-AD16-2786-5DFC22E1905D}.Debug|Any CPU.Build.0 = Debug|Any CPU
		{705D7CD6-F36F-AD16-2786-5DFC22E1905D}.Release|Any CPU.ActiveCfg = Release|Any CPU
		{705D7CD6-F36F-AD16-2786-5DFC22E1905D}.Release|Any CPU.Build.0 = Release|Any CPU
		{C5FB9A1A-BFD1-B272-E000-5E9553E471EA}.Debug|Any CPU.ActiveCfg = Debug|Any CPU
		{C5FB9A1A-BFD1-B272-E000-5E9553E471EA}.Debug|Any CPU.Build.0 = Debug|Any CPU
		{C5FB9A1A-BFD1-B272-E000-5E9553E471EA}.Release|Any CPU.ActiveCfg = Release|Any CPU
		{C5FB9A1A-BFD1-B272-E000-5E9553E471EA}.Release|Any CPU.Build.0 = Release|Any CPU
		{C1E89264-F173-D003-224F-A579587B8B27}.Debug|Any CPU.ActiveCfg = Debug|Any CPU
		{C1E89264-F173-D003-224F-A579587B8B27}.Debug|Any CPU.Build.0 = Debug|Any CPU
		{C1E89264-F173-D003-224F-A579587B8B27}.Release|Any CPU.ActiveCfg = Release|Any CPU
		{C1E89264-F173-D003-224F-A579587B8B27}.Release|Any CPU.Build.0 = Release|Any CPU
		{F45BF0B2-94E3-E9A1-624A-1D9E97BB5E5F}.Debug|Any CPU.ActiveCfg = Debug|Any CPU
		{F45BF0B2-94E3-E9A1-624A-1D9E97BB5E5F}.Debug|Any CPU.Build.0 = Debug|Any CPU
		{F45BF0B2-94E3-E9A1-624A-1D9E97BB5E5F}.Release|Any CPU.ActiveCfg = Release|Any CPU
		{F45BF0B2-94E3-E9A1-624A-1D9E97BB5E5F}.Release|Any CPU.Build.0 = Release|Any CPU
		{F7E2BA41-073F-A3AE-C4A7-F0300B1C5246}.Debug|Any CPU.ActiveCfg = Debug|Any CPU
		{F7E2BA41-073F-A3AE-C4A7-F0300B1C5246}.Debug|Any CPU.Build.0 = Debug|Any CPU
		{F7E2BA41-073F-A3AE-C4A7-F0300B1C5246}.Release|Any CPU.ActiveCfg = Release|Any CPU
		{F7E2BA41-073F-A3AE-C4A7-F0300B1C5246}.Release|Any CPU.Build.0 = Release|Any CPU
		{E4D0890F-7D18-8CEF-C13D-9A436952AA3B}.Debug|Any CPU.ActiveCfg = Debug|Any CPU
		{E4D0890F-7D18-8CEF-C13D-9A436952AA3B}.Debug|Any CPU.Build.0 = Debug|Any CPU
		{E4D0890F-7D18-8CEF-C13D-9A436952AA3B}.Release|Any CPU.ActiveCfg = Release|Any CPU
		{E4D0890F-7D18-8CEF-C13D-9A436952AA3B}.Release|Any CPU.Build.0 = Release|Any CPU
		{1F6CE8AE-6522-C5DB-E76B-72DD37D1CF81}.Debug|Any CPU.ActiveCfg = Debug|Any CPU
		{1F6CE8AE-6522-C5DB-E76B-72DD37D1CF81}.Debug|Any CPU.Build.0 = Debug|Any CPU
		{1F6CE8AE-6522-C5DB-E76B-72DD37D1CF81}.Release|Any CPU.ActiveCfg = Release|Any CPU
		{1F6CE8AE-6522-C5DB-E76B-72DD37D1CF81}.Release|Any CPU.Build.0 = Release|Any CPU
		{67ADF902-C647-7EE5-D4A3-9E5A5042A45E}.Debug|Any CPU.ActiveCfg = Debug|Any CPU
		{67ADF902-C647-7EE5-D4A3-9E5A5042A45E}.Debug|Any CPU.Build.0 = Debug|Any CPU
		{67ADF902-C647-7EE5-D4A3-9E5A5042A45E}.Release|Any CPU.ActiveCfg = Release|Any CPU
		{67ADF902-C647-7EE5-D4A3-9E5A5042A45E}.Release|Any CPU.Build.0 = Release|Any CPU
		{A8D68D2F-D603-5E8F-699E-784D460AC028}.Debug|Any CPU.ActiveCfg = Debug|Any CPU
		{A8D68D2F-D603-5E8F-699E-784D460AC028}.Debug|Any CPU.Build.0 = Debug|Any CPU
		{A8D68D2F-D603-5E8F-699E-784D460AC028}.Release|Any CPU.ActiveCfg = Release|Any CPU
		{A8D68D2F-D603-5E8F-699E-784D460AC028}.Release|Any CPU.Build.0 = Release|Any CPU
		{F40FE8DD-84E2-00DF-F9D9-A876BE74AECD}.Debug|Any CPU.ActiveCfg = Debug|Any CPU
		{F40FE8DD-84E2-00DF-F9D9-A876BE74AECD}.Debug|Any CPU.Build.0 = Debug|Any CPU
		{F40FE8DD-84E2-00DF-F9D9-A876BE74AECD}.Release|Any CPU.ActiveCfg = Release|Any CPU
		{F40FE8DD-84E2-00DF-F9D9-A876BE74AECD}.Release|Any CPU.Build.0 = Release|Any CPU
		{9A69ECDD-B5DF-3488-F35F-2F8B33C90E09}.Debug|Any CPU.ActiveCfg = Debug|Any CPU
		{9A69ECDD-B5DF-3488-F35F-2F8B33C90E09}.Debug|Any CPU.Build.0 = Debug|Any CPU
		{9A69ECDD-B5DF-3488-F35F-2F8B33C90E09}.Release|Any CPU.ActiveCfg = Release|Any CPU
		{9A69ECDD-B5DF-3488-F35F-2F8B33C90E09}.Release|Any CPU.Build.0 = Release|Any CPU
		{951B1A00-E41A-4CC1-B270-6B78BC3BC760}.Debug|Any CPU.ActiveCfg = Debug|Any CPU
		{951B1A00-E41A-4CC1-B270-6B78BC3BC760}.Debug|Any CPU.Build.0 = Debug|Any CPU
		{951B1A00-E41A-4CC1-B270-6B78BC3BC760}.Release|Any CPU.ActiveCfg = Release|Any CPU
		{951B1A00-E41A-4CC1-B270-6B78BC3BC760}.Release|Any CPU.Build.0 = Release|Any CPU
		{11889E80-FA12-D951-3A0A-50A0B9F8123D}.Debug|Any CPU.ActiveCfg = Debug|Any CPU
		{11889E80-FA12-D951-3A0A-50A0B9F8123D}.Debug|Any CPU.Build.0 = Debug|Any CPU
		{11889E80-FA12-D951-3A0A-50A0B9F8123D}.Release|Any CPU.ActiveCfg = Release|Any CPU
		{11889E80-FA12-D951-3A0A-50A0B9F8123D}.Release|Any CPU.Build.0 = Release|Any CPU
		{4A0E966B-A6BA-C550-5E0A-63113F6F61F4}.Debug|Any CPU.ActiveCfg = Debug|Any CPU
		{4A0E966B-A6BA-C550-5E0A-63113F6F61F4}.Debug|Any CPU.Build.0 = Debug|Any CPU
		{4A0E966B-A6BA-C550-5E0A-63113F6F61F4}.Release|Any CPU.ActiveCfg = Release|Any CPU
		{4A0E966B-A6BA-C550-5E0A-63113F6F61F4}.Release|Any CPU.Build.0 = Release|Any CPU
		{8C739CAF-E0DC-178B-7AD0-9C7422C5DC0C}.Debug|Any CPU.ActiveCfg = Debug|Any CPU
		{8C739CAF-E0DC-178B-7AD0-9C7422C5DC0C}.Debug|Any CPU.Build.0 = Debug|Any CPU
		{8C739CAF-E0DC-178B-7AD0-9C7422C5DC0C}.Release|Any CPU.ActiveCfg = Release|Any CPU
		{8C739CAF-E0DC-178B-7AD0-9C7422C5DC0C}.Release|Any CPU.Build.0 = Release|Any CPU
		{A21EB560-5303-0243-4976-AFD666CA3390}.Debug|Any CPU.ActiveCfg = Debug|Any CPU
		{A21EB560-5303-0243-4976-AFD666CA3390}.Debug|Any CPU.Build.0 = Debug|Any CPU
		{A21EB560-5303-0243-4976-AFD666CA3390}.Release|Any CPU.ActiveCfg = Release|Any CPU
		{A21EB560-5303-0243-4976-AFD666CA3390}.Release|Any CPU.Build.0 = Release|Any CPU
		{F5E312B2-71B5-0326-1E3C-48ED448E927B}.Debug|Any CPU.ActiveCfg = Debug|Any CPU
		{F5E312B2-71B5-0326-1E3C-48ED448E927B}.Debug|Any CPU.Build.0 = Debug|Any CPU
		{F5E312B2-71B5-0326-1E3C-48ED448E927B}.Release|Any CPU.ActiveCfg = Release|Any CPU
		{F5E312B2-71B5-0326-1E3C-48ED448E927B}.Release|Any CPU.Build.0 = Release|Any CPU
		{05933255-9F08-56FF-A899-F2990854BFA0}.Debug|Any CPU.ActiveCfg = Debug|Any CPU
		{05933255-9F08-56FF-A899-F2990854BFA0}.Debug|Any CPU.Build.0 = Debug|Any CPU
		{05933255-9F08-56FF-A899-F2990854BFA0}.Release|Any CPU.ActiveCfg = Release|Any CPU
		{05933255-9F08-56FF-A899-F2990854BFA0}.Release|Any CPU.Build.0 = Release|Any CPU
		{7B092831-28DE-745D-074C-007DEE8CC479}.Debug|Any CPU.ActiveCfg = Debug|Any CPU
		{7B092831-28DE-745D-074C-007DEE8CC479}.Debug|Any CPU.Build.0 = Debug|Any CPU
		{7B092831-28DE-745D-074C-007DEE8CC479}.Release|Any CPU.ActiveCfg = Release|Any CPU
		{7B092831-28DE-745D-074C-007DEE8CC479}.Release|Any CPU.Build.0 = Release|Any CPU
		{B63F53EB-61E8-5633-959A-A962967FF4E6}.Debug|Any CPU.ActiveCfg = Debug|Any CPU
		{B63F53EB-61E8-5633-959A-A962967FF4E6}.Debug|Any CPU.Build.0 = Debug|Any CPU
		{B63F53EB-61E8-5633-959A-A962967FF4E6}.Release|Any CPU.ActiveCfg = Release|Any CPU
		{B63F53EB-61E8-5633-959A-A962967FF4E6}.Release|Any CPU.Build.0 = Release|Any CPU
		{10531060-6D46-7A13-617E-E24ECA9E2882}.Debug|Any CPU.ActiveCfg = Debug|Any CPU
		{10531060-6D46-7A13-617E-E24ECA9E2882}.Debug|Any CPU.Build.0 = Debug|Any CPU
		{10531060-6D46-7A13-617E-E24ECA9E2882}.Release|Any CPU.ActiveCfg = Release|Any CPU
		{10531060-6D46-7A13-617E-E24ECA9E2882}.Release|Any CPU.Build.0 = Release|Any CPU
		{EF7896C3-6648-BFE3-E13E-00F6D4E4B87B}.Debug|Any CPU.ActiveCfg = Debug|Any CPU
		{EF7896C3-6648-BFE3-E13E-00F6D4E4B87B}.Debug|Any CPU.Build.0 = Debug|Any CPU
		{EF7896C3-6648-BFE3-E13E-00F6D4E4B87B}.Release|Any CPU.ActiveCfg = Release|Any CPU
		{EF7896C3-6648-BFE3-E13E-00F6D4E4B87B}.Release|Any CPU.Build.0 = Release|Any CPU
		{3509EEE9-7146-9E3B-9354-3B132866D958}.Debug|Any CPU.ActiveCfg = Debug|Any CPU
		{3509EEE9-7146-9E3B-9354-3B132866D958}.Debug|Any CPU.Build.0 = Debug|Any CPU
		{3509EEE9-7146-9E3B-9354-3B132866D958}.Release|Any CPU.ActiveCfg = Release|Any CPU
		{3509EEE9-7146-9E3B-9354-3B132866D958}.Release|Any CPU.Build.0 = Release|Any CPU
		{B4206D94-4B2C-1FFE-9C55-14ABD6371037}.Debug|Any CPU.ActiveCfg = Debug|Any CPU
		{B4206D94-4B2C-1FFE-9C55-14ABD6371037}.Debug|Any CPU.Build.0 = Debug|Any CPU
		{B4206D94-4B2C-1FFE-9C55-14ABD6371037}.Release|Any CPU.ActiveCfg = Release|Any CPU
		{B4206D94-4B2C-1FFE-9C55-14ABD6371037}.Release|Any CPU.Build.0 = Release|Any CPU
		{FBE2CBC9-EC0F-9876-C6B5-6F587B8A648D}.Debug|Any CPU.ActiveCfg = Debug|Any CPU
		{FBE2CBC9-EC0F-9876-C6B5-6F587B8A648D}.Debug|Any CPU.Build.0 = Debug|Any CPU
		{FBE2CBC9-EC0F-9876-C6B5-6F587B8A648D}.Release|Any CPU.ActiveCfg = Release|Any CPU
		{FBE2CBC9-EC0F-9876-C6B5-6F587B8A648D}.Release|Any CPU.Build.0 = Release|Any CPU
		{88F6A31A-943D-BD03-1E87-E977432F09F3}.Debug|Any CPU.ActiveCfg = Debug|Any CPU
		{88F6A31A-943D-BD03-1E87-E977432F09F3}.Debug|Any CPU.Build.0 = Debug|Any CPU
		{88F6A31A-943D-BD03-1E87-E977432F09F3}.Release|Any CPU.ActiveCfg = Release|Any CPU
		{88F6A31A-943D-BD03-1E87-E977432F09F3}.Release|Any CPU.Build.0 = Release|Any CPU
		{6AF7D71D-1DEB-5FC3-17D1-126BA26DC8D2}.Debug|Any CPU.ActiveCfg = Debug|Any CPU
		{6AF7D71D-1DEB-5FC3-17D1-126BA26DC8D2}.Debug|Any CPU.Build.0 = Debug|Any CPU
		{6AF7D71D-1DEB-5FC3-17D1-126BA26DC8D2}.Release|Any CPU.ActiveCfg = Release|Any CPU
		{6AF7D71D-1DEB-5FC3-17D1-126BA26DC8D2}.Release|Any CPU.Build.0 = Release|Any CPU
		{EB5DF8C1-A4C7-7454-841E-2058E05A3392}.Debug|Any CPU.ActiveCfg = Debug|Any CPU
		{EB5DF8C1-A4C7-7454-841E-2058E05A3392}.Debug|Any CPU.Build.0 = Debug|Any CPU
		{EB5DF8C1-A4C7-7454-841E-2058E05A3392}.Release|Any CPU.ActiveCfg = Release|Any CPU
		{EB5DF8C1-A4C7-7454-841E-2058E05A3392}.Release|Any CPU.Build.0 = Release|Any CPU
		{20482F66-3549-F40D-52E8-A9F8717F2AD4}.Debug|Any CPU.ActiveCfg = Debug|Any CPU
		{20482F66-3549-F40D-52E8-A9F8717F2AD4}.Debug|Any CPU.Build.0 = Debug|Any CPU
		{20482F66-3549-F40D-52E8-A9F8717F2AD4}.Release|Any CPU.ActiveCfg = Release|Any CPU
		{20482F66-3549-F40D-52E8-A9F8717F2AD4}.Release|Any CPU.Build.0 = Release|Any CPU
		{6010F8E9-B0B1-DC98-1887-ECD62D843531}.Debug|Any CPU.ActiveCfg = Debug|Any CPU
		{6010F8E9-B0B1-DC98-1887-ECD62D843531}.Debug|Any CPU.Build.0 = Debug|Any CPU
		{6010F8E9-B0B1-DC98-1887-ECD62D843531}.Release|Any CPU.ActiveCfg = Release|Any CPU
		{6010F8E9-B0B1-DC98-1887-ECD62D843531}.Release|Any CPU.Build.0 = Release|Any CPU
		{99F51AF5-47B4-D34A-B6BA-25CFF6601D90}.Debug|Any CPU.ActiveCfg = Debug|Any CPU
		{99F51AF5-47B4-D34A-B6BA-25CFF6601D90}.Debug|Any CPU.Build.0 = Debug|Any CPU
		{99F51AF5-47B4-D34A-B6BA-25CFF6601D90}.Release|Any CPU.ActiveCfg = Release|Any CPU
		{99F51AF5-47B4-D34A-B6BA-25CFF6601D90}.Release|Any CPU.Build.0 = Release|Any CPU
		{4641EEAE-01DA-EED4-5E8D-D47712053C2E}.Debug|Any CPU.ActiveCfg = Debug|Any CPU
		{4641EEAE-01DA-EED4-5E8D-D47712053C2E}.Debug|Any CPU.Build.0 = Debug|Any CPU
		{4641EEAE-01DA-EED4-5E8D-D47712053C2E}.Release|Any CPU.ActiveCfg = Release|Any CPU
		{4641EEAE-01DA-EED4-5E8D-D47712053C2E}.Release|Any CPU.Build.0 = Release|Any CPU
		{3A8A3457-71C7-DB81-2BC6-36FE8E0EB821}.Debug|Any CPU.ActiveCfg = Debug|Any CPU
		{3A8A3457-71C7-DB81-2BC6-36FE8E0EB821}.Debug|Any CPU.Build.0 = Debug|Any CPU
		{3A8A3457-71C7-DB81-2BC6-36FE8E0EB821}.Release|Any CPU.ActiveCfg = Release|Any CPU
		{3A8A3457-71C7-DB81-2BC6-36FE8E0EB821}.Release|Any CPU.Build.0 = Release|Any CPU
		{6DE0F147-D6FA-01BB-2C24-BDFB5C19AC45}.Debug|Any CPU.ActiveCfg = Debug|Any CPU
		{6DE0F147-D6FA-01BB-2C24-BDFB5C19AC45}.Debug|Any CPU.Build.0 = Debug|Any CPU
		{6DE0F147-D6FA-01BB-2C24-BDFB5C19AC45}.Release|Any CPU.ActiveCfg = Release|Any CPU
		{6DE0F147-D6FA-01BB-2C24-BDFB5C19AC45}.Release|Any CPU.Build.0 = Release|Any CPU
		{AAAC99F8-5196-A2DD-941B-66CFD1528BE9}.Debug|Any CPU.ActiveCfg = Debug|Any CPU
		{AAAC99F8-5196-A2DD-941B-66CFD1528BE9}.Debug|Any CPU.Build.0 = Debug|Any CPU
		{AAAC99F8-5196-A2DD-941B-66CFD1528BE9}.Release|Any CPU.ActiveCfg = Release|Any CPU
		{AAAC99F8-5196-A2DD-941B-66CFD1528BE9}.Release|Any CPU.Build.0 = Release|Any CPU
		{99A92C2E-B89E-1E98-EB28-2591256DC34B}.Debug|Any CPU.ActiveCfg = Debug|Any CPU
		{99A92C2E-B89E-1E98-EB28-2591256DC34B}.Debug|Any CPU.Build.0 = Debug|Any CPU
		{99A92C2E-B89E-1E98-EB28-2591256DC34B}.Release|Any CPU.ActiveCfg = Release|Any CPU
		{99A92C2E-B89E-1E98-EB28-2591256DC34B}.Release|Any CPU.Build.0 = Release|Any CPU
		{21C99315-6E47-33CE-2A7E-238091F7C4C5}.Debug|Any CPU.ActiveCfg = Debug|Any CPU
		{21C99315-6E47-33CE-2A7E-238091F7C4C5}.Debug|Any CPU.Build.0 = Debug|Any CPU
		{21C99315-6E47-33CE-2A7E-238091F7C4C5}.Release|Any CPU.ActiveCfg = Release|Any CPU
		{21C99315-6E47-33CE-2A7E-238091F7C4C5}.Release|Any CPU.Build.0 = Release|Any CPU
		{7639D9B1-4C95-D9B0-F74D-6DEFC1DBEDCE}.Debug|Any CPU.ActiveCfg = Debug|Any CPU
		{7639D9B1-4C95-D9B0-F74D-6DEFC1DBEDCE}.Debug|Any CPU.Build.0 = Debug|Any CPU
		{7639D9B1-4C95-D9B0-F74D-6DEFC1DBEDCE}.Release|Any CPU.ActiveCfg = Release|Any CPU
		{7639D9B1-4C95-D9B0-F74D-6DEFC1DBEDCE}.Release|Any CPU.Build.0 = Release|Any CPU
		{1482E503-FEFC-1A4D-952F-7353E0F80644}.Debug|Any CPU.ActiveCfg = Debug|Any CPU
		{1482E503-FEFC-1A4D-952F-7353E0F80644}.Debug|Any CPU.Build.0 = Debug|Any CPU
		{1482E503-FEFC-1A4D-952F-7353E0F80644}.Release|Any CPU.ActiveCfg = Release|Any CPU
		{1482E503-FEFC-1A4D-952F-7353E0F80644}.Release|Any CPU.Build.0 = Release|Any CPU
		{4CF4F1FE-1F88-B05E-BC0C-627CA48406C1}.Debug|Any CPU.ActiveCfg = Debug|Any CPU
		{4CF4F1FE-1F88-B05E-BC0C-627CA48406C1}.Debug|Any CPU.Build.0 = Debug|Any CPU
		{4CF4F1FE-1F88-B05E-BC0C-627CA48406C1}.Release|Any CPU.ActiveCfg = Release|Any CPU
		{4CF4F1FE-1F88-B05E-BC0C-627CA48406C1}.Release|Any CPU.Build.0 = Release|Any CPU
		{9363C0CB-C892-C9B7-AD41-E1D4299CADA2}.Debug|Any CPU.ActiveCfg = Debug|Any CPU
		{9363C0CB-C892-C9B7-AD41-E1D4299CADA2}.Debug|Any CPU.Build.0 = Debug|Any CPU
		{9363C0CB-C892-C9B7-AD41-E1D4299CADA2}.Release|Any CPU.ActiveCfg = Release|Any CPU
		{9363C0CB-C892-C9B7-AD41-E1D4299CADA2}.Release|Any CPU.Build.0 = Release|Any CPU
		{B9F4A66B-CC45-6777-15D6-81DB846E731A}.Debug|Any CPU.ActiveCfg = Debug|Any CPU
		{B9F4A66B-CC45-6777-15D6-81DB846E731A}.Debug|Any CPU.Build.0 = Debug|Any CPU
		{B9F4A66B-CC45-6777-15D6-81DB846E731A}.Release|Any CPU.ActiveCfg = Release|Any CPU
		{B9F4A66B-CC45-6777-15D6-81DB846E731A}.Release|Any CPU.Build.0 = Release|Any CPU
		{25203D19-85DA-471B-BDC5-E0793F8E53C4}.Debug|Any CPU.ActiveCfg = Debug|Any CPU
		{25203D19-85DA-471B-BDC5-E0793F8E53C4}.Debug|Any CPU.Build.0 = Debug|Any CPU
		{25203D19-85DA-471B-BDC5-E0793F8E53C4}.Release|Any CPU.ActiveCfg = Release|Any CPU
		{25203D19-85DA-471B-BDC5-E0793F8E53C4}.Release|Any CPU.Build.0 = Release|Any CPU
		{F7E7358D-0B22-DD54-B456-2CA97E28ADE8}.Debug|Any CPU.ActiveCfg = Debug|Any CPU
		{F7E7358D-0B22-DD54-B456-2CA97E28ADE8}.Debug|Any CPU.Build.0 = Debug|Any CPU
		{F7E7358D-0B22-DD54-B456-2CA97E28ADE8}.Release|Any CPU.ActiveCfg = Release|Any CPU
		{F7E7358D-0B22-DD54-B456-2CA97E28ADE8}.Release|Any CPU.Build.0 = Release|Any CPU
		{7286FCCB-D734-9A20-4A26-8846ED4DDBBB}.Debug|Any CPU.ActiveCfg = Debug|Any CPU
		{7286FCCB-D734-9A20-4A26-8846ED4DDBBB}.Debug|Any CPU.Build.0 = Debug|Any CPU
		{7286FCCB-D734-9A20-4A26-8846ED4DDBBB}.Release|Any CPU.ActiveCfg = Release|Any CPU
		{7286FCCB-D734-9A20-4A26-8846ED4DDBBB}.Release|Any CPU.Build.0 = Release|Any CPU
		{3E67E5F3-E1BE-E993-D96F-4CE35FC90F55}.Debug|Any CPU.ActiveCfg = Debug|Any CPU
		{3E67E5F3-E1BE-E993-D96F-4CE35FC90F55}.Debug|Any CPU.Build.0 = Debug|Any CPU
		{3E67E5F3-E1BE-E993-D96F-4CE35FC90F55}.Release|Any CPU.ActiveCfg = Release|Any CPU
		{3E67E5F3-E1BE-E993-D96F-4CE35FC90F55}.Release|Any CPU.Build.0 = Release|Any CPU
		{B9949A49-EBE1-EA55-EA75-99A820BAAA5D}.Debug|Any CPU.ActiveCfg = Debug|Any CPU
		{B9949A49-EBE1-EA55-EA75-99A820BAAA5D}.Debug|Any CPU.Build.0 = Debug|Any CPU
		{B9949A49-EBE1-EA55-EA75-99A820BAAA5D}.Release|Any CPU.ActiveCfg = Release|Any CPU
		{B9949A49-EBE1-EA55-EA75-99A820BAAA5D}.Release|Any CPU.Build.0 = Release|Any CPU
		{9B5E8957-FB0F-7C42-CDC8-CFE8D3081669}.Debug|Any CPU.ActiveCfg = Debug|Any CPU
		{9B5E8957-FB0F-7C42-CDC8-CFE8D3081669}.Debug|Any CPU.Build.0 = Debug|Any CPU
		{9B5E8957-FB0F-7C42-CDC8-CFE8D3081669}.Release|Any CPU.ActiveCfg = Release|Any CPU
		{9B5E8957-FB0F-7C42-CDC8-CFE8D3081669}.Release|Any CPU.Build.0 = Release|Any CPU
		{E5C54AD9-5D5C-E55F-D5F4-A6E36B9484E8}.Debug|Any CPU.ActiveCfg = Debug|Any CPU
		{E5C54AD9-5D5C-E55F-D5F4-A6E36B9484E8}.Debug|Any CPU.Build.0 = Debug|Any CPU
		{E5C54AD9-5D5C-E55F-D5F4-A6E36B9484E8}.Release|Any CPU.ActiveCfg = Release|Any CPU
		{E5C54AD9-5D5C-E55F-D5F4-A6E36B9484E8}.Release|Any CPU.Build.0 = Release|Any CPU
		{44A9F462-99B5-E567-11B8-4F11A9A97B50}.Debug|Any CPU.ActiveCfg = Debug|Any CPU
		{44A9F462-99B5-E567-11B8-4F11A9A97B50}.Debug|Any CPU.Build.0 = Debug|Any CPU
		{44A9F462-99B5-E567-11B8-4F11A9A97B50}.Release|Any CPU.ActiveCfg = Release|Any CPU
		{44A9F462-99B5-E567-11B8-4F11A9A97B50}.Release|Any CPU.Build.0 = Release|Any CPU
		{F529BA05-771B-A6D6-360B-9CF72568AE8E}.Debug|Any CPU.ActiveCfg = Debug|Any CPU
		{F529BA05-771B-A6D6-360B-9CF72568AE8E}.Debug|Any CPU.Build.0 = Debug|Any CPU
		{F529BA05-771B-A6D6-360B-9CF72568AE8E}.Release|Any CPU.ActiveCfg = Release|Any CPU
		{F529BA05-771B-A6D6-360B-9CF72568AE8E}.Release|Any CPU.Build.0 = Release|Any CPU
		{B2EB851F-DC6D-3B2C-6917-FBF8B4F5CB17}.Debug|Any CPU.ActiveCfg = Debug|Any CPU
		{B2EB851F-DC6D-3B2C-6917-FBF8B4F5CB17}.Debug|Any CPU.Build.0 = Debug|Any CPU
		{B2EB851F-DC6D-3B2C-6917-FBF8B4F5CB17}.Release|Any CPU.ActiveCfg = Release|Any CPU
		{B2EB851F-DC6D-3B2C-6917-FBF8B4F5CB17}.Release|Any CPU.Build.0 = Release|Any CPU
		{9E426367-EFE5-29E9-E085-3D95E5347E60}.Debug|Any CPU.ActiveCfg = Debug|Any CPU
		{9E426367-EFE5-29E9-E085-3D95E5347E60}.Debug|Any CPU.Build.0 = Debug|Any CPU
		{9E426367-EFE5-29E9-E085-3D95E5347E60}.Release|Any CPU.ActiveCfg = Release|Any CPU
		{9E426367-EFE5-29E9-E085-3D95E5347E60}.Release|Any CPU.Build.0 = Release|Any CPU
		{3C4E7099-0EB8-943B-4B2E-F7F0DAD7241D}.Debug|Any CPU.ActiveCfg = Debug|Any CPU
		{3C4E7099-0EB8-943B-4B2E-F7F0DAD7241D}.Debug|Any CPU.Build.0 = Debug|Any CPU
		{3C4E7099-0EB8-943B-4B2E-F7F0DAD7241D}.Release|Any CPU.ActiveCfg = Release|Any CPU
		{3C4E7099-0EB8-943B-4B2E-F7F0DAD7241D}.Release|Any CPU.Build.0 = Release|Any CPU
		{49C4BECC-322F-CA7C-10A9-DFD336C3A11A}.Debug|Any CPU.ActiveCfg = Debug|Any CPU
		{49C4BECC-322F-CA7C-10A9-DFD336C3A11A}.Debug|Any CPU.Build.0 = Debug|Any CPU
		{49C4BECC-322F-CA7C-10A9-DFD336C3A11A}.Release|Any CPU.ActiveCfg = Release|Any CPU
		{49C4BECC-322F-CA7C-10A9-DFD336C3A11A}.Release|Any CPU.Build.0 = Release|Any CPU
		{6DE8F5A1-7637-DCF2-B203-D4817B59A92C}.Debug|Any CPU.ActiveCfg = Debug|Any CPU
		{6DE8F5A1-7637-DCF2-B203-D4817B59A92C}.Debug|Any CPU.Build.0 = Debug|Any CPU
		{6DE8F5A1-7637-DCF2-B203-D4817B59A92C}.Release|Any CPU.ActiveCfg = Release|Any CPU
		{6DE8F5A1-7637-DCF2-B203-D4817B59A92C}.Release|Any CPU.Build.0 = Release|Any CPU
		{0F7A41A7-D3D8-BD7C-BFF1-51E3EB169E8A}.Debug|Any CPU.ActiveCfg = Debug|Any CPU
		{0F7A41A7-D3D8-BD7C-BFF1-51E3EB169E8A}.Debug|Any CPU.Build.0 = Debug|Any CPU
		{0F7A41A7-D3D8-BD7C-BFF1-51E3EB169E8A}.Release|Any CPU.ActiveCfg = Release|Any CPU
		{0F7A41A7-D3D8-BD7C-BFF1-51E3EB169E8A}.Release|Any CPU.Build.0 = Release|Any CPU
		{EF84DA5D-6CA5-24CD-CE2C-9A9A79948B0A}.Debug|Any CPU.ActiveCfg = Debug|Any CPU
		{EF84DA5D-6CA5-24CD-CE2C-9A9A79948B0A}.Debug|Any CPU.Build.0 = Debug|Any CPU
		{EF84DA5D-6CA5-24CD-CE2C-9A9A79948B0A}.Release|Any CPU.ActiveCfg = Release|Any CPU
		{EF84DA5D-6CA5-24CD-CE2C-9A9A79948B0A}.Release|Any CPU.Build.0 = Release|Any CPU
		{ED51FA88-234E-C718-C771-CE71586F3E1C}.Debug|Any CPU.ActiveCfg = Debug|Any CPU
		{ED51FA88-234E-C718-C771-CE71586F3E1C}.Debug|Any CPU.Build.0 = Debug|Any CPU
		{ED51FA88-234E-C718-C771-CE71586F3E1C}.Release|Any CPU.ActiveCfg = Release|Any CPU
		{ED51FA88-234E-C718-C771-CE71586F3E1C}.Release|Any CPU.Build.0 = Release|Any CPU
		{848881F5-7DD9-CF81-BB58-EA54DBE0CEBC}.Debug|Any CPU.ActiveCfg = Debug|Any CPU
		{848881F5-7DD9-CF81-BB58-EA54DBE0CEBC}.Debug|Any CPU.Build.0 = Debug|Any CPU
		{848881F5-7DD9-CF81-BB58-EA54DBE0CEBC}.Release|Any CPU.ActiveCfg = Release|Any CPU
		{848881F5-7DD9-CF81-BB58-EA54DBE0CEBC}.Release|Any CPU.Build.0 = Release|Any CPU
		{D620D7DB-AE51-17D0-B912-E17D9EDE78E7}.Debug|Any CPU.ActiveCfg = Debug|Any CPU
		{D620D7DB-AE51-17D0-B912-E17D9EDE78E7}.Debug|Any CPU.Build.0 = Debug|Any CPU
		{D620D7DB-AE51-17D0-B912-E17D9EDE78E7}.Release|Any CPU.ActiveCfg = Release|Any CPU
		{D620D7DB-AE51-17D0-B912-E17D9EDE78E7}.Release|Any CPU.Build.0 = Release|Any CPU
		{EE617EEE-0054-1061-1513-26BFA9579003}.Debug|Any CPU.ActiveCfg = Debug|Any CPU
		{EE617EEE-0054-1061-1513-26BFA9579003}.Debug|Any CPU.Build.0 = Debug|Any CPU
		{EE617EEE-0054-1061-1513-26BFA9579003}.Release|Any CPU.ActiveCfg = Release|Any CPU
		{EE617EEE-0054-1061-1513-26BFA9579003}.Release|Any CPU.Build.0 = Release|Any CPU
		{08F464FF-5203-2520-ABDD-72E14AC38EFF}.Debug|Any CPU.ActiveCfg = Debug|Any CPU
		{08F464FF-5203-2520-ABDD-72E14AC38EFF}.Debug|Any CPU.Build.0 = Debug|Any CPU
		{08F464FF-5203-2520-ABDD-72E14AC38EFF}.Release|Any CPU.ActiveCfg = Release|Any CPU
		{08F464FF-5203-2520-ABDD-72E14AC38EFF}.Release|Any CPU.Build.0 = Release|Any CPU
		{20F2B5BC-539A-7D05-A99F-0D276EFA6CB2}.Debug|Any CPU.ActiveCfg = Debug|Any CPU
		{20F2B5BC-539A-7D05-A99F-0D276EFA6CB2}.Debug|Any CPU.Build.0 = Debug|Any CPU
		{20F2B5BC-539A-7D05-A99F-0D276EFA6CB2}.Release|Any CPU.ActiveCfg = Release|Any CPU
		{20F2B5BC-539A-7D05-A99F-0D276EFA6CB2}.Release|Any CPU.Build.0 = Release|Any CPU
		{B791C18D-F113-A32B-6843-70153307D28C}.Debug|Any CPU.ActiveCfg = Debug|Any CPU
		{B791C18D-F113-A32B-6843-70153307D28C}.Debug|Any CPU.Build.0 = Debug|Any CPU
		{B791C18D-F113-A32B-6843-70153307D28C}.Release|Any CPU.ActiveCfg = Release|Any CPU
		{B791C18D-F113-A32B-6843-70153307D28C}.Release|Any CPU.Build.0 = Release|Any CPU
		{8F5C5134-B174-B31B-5BED-AED4FBF67E29}.Debug|Any CPU.ActiveCfg = Debug|Any CPU
		{8F5C5134-B174-B31B-5BED-AED4FBF67E29}.Debug|Any CPU.Build.0 = Debug|Any CPU
		{8F5C5134-B174-B31B-5BED-AED4FBF67E29}.Release|Any CPU.ActiveCfg = Release|Any CPU
		{8F5C5134-B174-B31B-5BED-AED4FBF67E29}.Release|Any CPU.Build.0 = Release|Any CPU
		{5CC68EDF-4E95-760C-F4EB-128E28D26455}.Debug|Any CPU.ActiveCfg = Debug|Any CPU
		{5CC68EDF-4E95-760C-F4EB-128E28D26455}.Debug|Any CPU.Build.0 = Debug|Any CPU
		{5CC68EDF-4E95-760C-F4EB-128E28D26455}.Release|Any CPU.ActiveCfg = Release|Any CPU
		{5CC68EDF-4E95-760C-F4EB-128E28D26455}.Release|Any CPU.Build.0 = Release|Any CPU
		{9F6737B7-E9C6-F37C-BE0A-1363786B07A8}.Debug|Any CPU.ActiveCfg = Debug|Any CPU
		{9F6737B7-E9C6-F37C-BE0A-1363786B07A8}.Debug|Any CPU.Build.0 = Debug|Any CPU
		{9F6737B7-E9C6-F37C-BE0A-1363786B07A8}.Release|Any CPU.ActiveCfg = Release|Any CPU
		{9F6737B7-E9C6-F37C-BE0A-1363786B07A8}.Release|Any CPU.Build.0 = Release|Any CPU
		{E7DCCBB7-7B6C-655F-7505-8130FA8FF865}.Debug|Any CPU.ActiveCfg = Debug|Any CPU
		{E7DCCBB7-7B6C-655F-7505-8130FA8FF865}.Debug|Any CPU.Build.0 = Debug|Any CPU
		{E7DCCBB7-7B6C-655F-7505-8130FA8FF865}.Release|Any CPU.ActiveCfg = Release|Any CPU
		{E7DCCBB7-7B6C-655F-7505-8130FA8FF865}.Release|Any CPU.Build.0 = Release|Any CPU
		{B2B40A49-BC04-DBD4-5256-2DE19F957D7C}.Debug|Any CPU.ActiveCfg = Debug|Any CPU
		{B2B40A49-BC04-DBD4-5256-2DE19F957D7C}.Debug|Any CPU.Build.0 = Debug|Any CPU
		{B2B40A49-BC04-DBD4-5256-2DE19F957D7C}.Release|Any CPU.ActiveCfg = Release|Any CPU
		{B2B40A49-BC04-DBD4-5256-2DE19F957D7C}.Release|Any CPU.Build.0 = Release|Any CPU
		{7E3B0D80-2C8F-49CD-B63A-B02E39FC7157}.Debug|Any CPU.ActiveCfg = Debug|Any CPU
		{7E3B0D80-2C8F-49CD-B63A-B02E39FC7157}.Debug|Any CPU.Build.0 = Debug|Any CPU
		{7E3B0D80-2C8F-49CD-B63A-B02E39FC7157}.Release|Any CPU.ActiveCfg = Release|Any CPU
		{7E3B0D80-2C8F-49CD-B63A-B02E39FC7157}.Release|Any CPU.Build.0 = Release|Any CPU
	EndGlobalSection
	GlobalSection(SolutionProperties) = preSolution
		HideSolutionNode = FALSE
	EndGlobalSection
EndGlobal
